// !$*UTF8*$!
{
	archiveVersion = 1;
	classes = {
	};
	objectVersion = 46;
	objects = {

/* Begin PBXBuildFile section */
		932C0D061D2B924600A94108 /* main.cpp in Sources */ = {isa = PBXBuildFile; fileRef = 932C0D051D2B924600A94108 /* main.cpp */; };
/* End PBXBuildFile section */

/* Begin PBXCopyFilesBuildPhase section */
		932C0D001D2B924600A94108 /* CopyFiles */ = {
			isa = PBXCopyFilesBuildPhase;
			buildActionMask = 2147483647;
			dstPath = /usr/share/man/man1/;
			dstSubfolderSpec = 0;
			files = (
			);
			runOnlyForDeploymentPostprocessing = 1;
		};
/* End PBXCopyFilesBuildPhase section */

/* Begin PBXFileReference section */
		9323ECE01D372F8F00C70ECD /* instruction.h */ = {isa = PBXFileReference; lastKnownFileType = sourcecode.c.h; path = instruction.h; sourceTree = "<group>"; };
		9323ECE11D372FBB00C70ECD /* register.h */ = {isa = PBXFileReference; lastKnownFileType = sourcecode.c.h; path = register.h; sourceTree = "<group>"; };
		9323ECE21D3766FB00C70ECD /* test.h */ = {isa = PBXFileReference; lastKnownFileType = sourcecode.c.h; path = test.h; sourceTree = "<group>"; };
		9323ECE31D37CC6000C70ECD /* extract.h */ = {isa = PBXFileReference; lastKnownFileType = sourcecode.c.h; path = extract.h; sourceTree = "<group>"; };
		9323ECE41D37CD1000C70ECD /* funciton.h */ = {isa = PBXFileReference; lastKnownFileType = sourcecode.c.h; path = funciton.h; sourceTree = "<group>"; };
		932C0D021D2B924600A94108 /* MIPS-Simulator */ = {isa = PBXFileReference; explicitFileType = "compiled.mach-o.executable"; includeInIndex = 0; path = "MIPS-Simulator"; sourceTree = BUILT_PRODUCTS_DIR; };
		932C0D051D2B924600A94108 /* main.cpp */ = {isa = PBXFileReference; lastKnownFileType = sourcecode.cpp.cpp; path = main.cpp; sourceTree = "<group>"; };
/* End PBXFileReference section */

/* Begin PBXFrameworksBuildPhase section */
		932C0CFF1D2B924600A94108 /* Frameworks */ = {
			isa = PBXFrameworksBuildPhase;
			buildActionMask = 2147483647;
			files = (
			);
			runOnlyForDeploymentPostprocessing = 0;
		};
/* End PBXFrameworksBuildPhase section */

/* Begin PBXGroup section */
		932C0CF91D2B924600A94108 = {
			isa = PBXGroup;
			children = (
				932C0D041D2B924600A94108 /* MIPS-Simulator */,
				932C0D031D2B924600A94108 /* Products */,
			);
			sourceTree = "<group>";
		};
		932C0D031D2B924600A94108 /* Products */ = {
			isa = PBXGroup;
			children = (
				932C0D021D2B924600A94108 /* MIPS-Simulator */,
			);
			name = Products;
			sourceTree = "<group>";
		};
		932C0D041D2B924600A94108 /* MIPS-Simulator */ = {
			isa = PBXGroup;
			children = (
				932C0D051D2B924600A94108 /* main.cpp */,
				9323ECE01D372F8F00C70ECD /* instruction.h */,
				9323ECE11D372FBB00C70ECD /* register.h */,
				9323ECE21D3766FB00C70ECD /* test.h */,
				9323ECE41D37CD1000C70ECD /* funciton.h */,
				9323ECE31D37CC6000C70ECD /* extract.h */,
			);
			path = "MIPS-Simulator";
			sourceTree = "<group>";
		};
/* End PBXGroup section */

/* Begin PBXNativeTarget section */
		932C0D011D2B924600A94108 /* MIPS-Simulator */ = {
			isa = PBXNativeTarget;
			buildConfigurationList = 932C0D091D2B924600A94108 /* Build configuration list for PBXNativeTarget "MIPS-Simulator" */;
			buildPhases = (
				932C0CFE1D2B924600A94108 /* Sources */,
				932C0CFF1D2B924600A94108 /* Frameworks */,
				932C0D001D2B924600A94108 /* CopyFiles */,
			);
			buildRules = (
			);
			dependencies = (
			);
			name = "MIPS-Simulator";
			productName = "MIPS-Simulator";
			productReference = 932C0D021D2B924600A94108 /* MIPS-Simulator */;
			productType = "com.apple.product-type.tool";
		};
/* End PBXNativeTarget section */

/* Begin PBXProject section */
		932C0CFA1D2B924600A94108 /* Project object */ = {
			isa = PBXProject;
			attributes = {
				LastUpgradeCheck = 0730;
				ORGANIZATIONNAME = "盛佩瑶";
				TargetAttributes = {
					932C0D011D2B924600A94108 = {
						CreatedOnToolsVersion = 7.3.1;
					};
				};
			};
			buildConfigurationList = 932C0CFD1D2B924600A94108 /* Build configuration list for PBXProject "MIPS-Simulator" */;
			compatibilityVersion = "Xcode 3.2";
			developmentRegion = English;
			hasScannedForEncodings = 0;
			knownRegions = (
				en,
			);
			mainGroup = 932C0CF91D2B924600A94108;
			productRefGroup = 932C0D031D2B924600A94108 /* Products */;
			projectDirPath = "";
			projectRoot = "";
			targets = (
				932C0D011D2B924600A94108 /* MIPS-Simulator */,
			);
		};
/* End PBXProject section */

/* Begin PBXSourcesBuildPhase section */
		932C0CFE1D2B924600A94108 /* Sources */ = {
			isa = PBXSourcesBuildPhase;
			buildActionMask = 2147483647;
			files = (
				932C0D061D2B924600A94108 /* main.cpp in Sources */,
			);
			runOnlyForDeploymentPostprocessing = 0;
		};
/* End PBXSourcesBuildPhase section */

/* Begin XCBuildConfiguration section */
		932C0D071D2B924600A94108 /* Debug */ = {
			isa = XCBuildConfiguration;
			buildSettings = {
				ALWAYS_SEARCH_USER_PATHS = NO;
				CLANG_ANALYZER_NONNULL = YES;
				CLANG_CXX_LANGUAGE_STANDARD = "gnu++0x";
				CLANG_CXX_LIBRARY = "libc++";
				CLANG_ENABLE_MODULES = YES;
				CLANG_ENABLE_OBJC_ARC = YES;
				CLANG_WARN_BOOL_CONVERSION = YES;
				CLANG_WARN_CONSTANT_CONVERSION = YES;
				CLANG_WARN_DIRECT_OBJC_ISA_USAGE = YES_ERROR;
				CLANG_WARN_EMPTY_BODY = YES;
				CLANG_WARN_ENUM_CONVERSION = YES;
				CLANG_WARN_INT_CONVERSION = YES;
				CLANG_WARN_OBJC_ROOT_CLASS = YES_ERROR;
				CLANG_WARN_UNREACHABLE_CODE = YES;
				CLANG_WARN__DUPLICATE_METHOD_MATCH = YES;
				CODE_SIGN_IDENTITY = "-";
				COPY_PHASE_STRIP = NO;
				DEBUG_INFORMATION_FORMAT = dwarf;
				ENABLE_STRICT_OBJC_MSGSEND = YES;
				ENABLE_TESTABILITY = YES;
				GCC_C_LANGUAGE_STANDARD = gnu99;
				GCC_DYNAMIC_NO_PIC = NO;
				GCC_NO_COMMON_BLOCKS = YES;
				GCC_OPTIMIZATION_LEVEL = 0;
				GCC_PREPROCESSOR_DEFINITIONS = (
					"DEBUG=1",
					"$(inherited)",
				);
				GCC_WARN_64_TO_32_BIT_CONVERSION = YES;
				GCC_WARN_ABOUT_RETURN_TYPE = YES_ERROR;
				GCC_WARN_UNDECLARED_SELECTOR = YES;
				GCC_WARN_UNINITIALIZED_AUTOS = YES_AGGRESSIVE;
				GCC_WARN_UNUSED_FUNCTION = YES;
				GCC_WARN_UNUSED_VARIABLE = YES;
				MACOSX_DEPLOYMENT_TARGET = 10.11;
				MTL_ENABLE_DEBUG_INFO = YES;
				ONLY_ACTIVE_ARCH = YES;
				SDKROOT = macosx;
			};
			name = Debug;
		};
		932C0D081D2B924600A94108 /* Release */ = {
			isa = XCBuildConfiguration;
			buildSettings = {
				ALWAYS_SEARCH_USER_PATHS = NO;
				CLANG_ANALYZER_NONNULL = YES;
				CLANG_CXX_LANGUAGE_STANDARD = "gnu++0x";
				CLANG_CXX_LIBRARY = "libc++";
				CLANG_ENABLE_MODULES = YES;
				CLANG_ENABLE_OBJC_ARC = YES;
				CLANG_WARN_BOOL_CONVERSION = YES;
				CLANG_WARN_CONSTANT_CONVERSION = YES;
				CLANG_WARN_DIRECT_OBJC_ISA_USAGE = YES_ERROR;
				CLANG_WARN_EMPTY_BODY = YES;
				CLANG_WARN_ENUM_CONVERSION = YES;
				CLANG_WARN_INT_CONVERSION = YES;
				CLANG_WARN_OBJC_ROOT_CLASS = YES_ERROR;
				CLANG_WARN_UNREACHABLE_CODE = YES;
				CLANG_WARN__DUPLICATE_METHOD_MATCH = YES;
				CODE_SIGN_IDENTITY = "-";
				COPY_PHASE_STRIP = NO;
				DEBUG_INFORMATION_FORMAT = "dwarf-with-dsym";
				ENABLE_NS_ASSERTIONS = NO;
				ENABLE_STRICT_OBJC_MSGSEND = YES;
				GCC_C_LANGUAGE_STANDARD = gnu99;
				GCC_NO_COMMON_BLOCKS = YES;
				GCC_WARN_64_TO_32_BIT_CONVERSION = YES;
				GCC_WARN_ABOUT_RETURN_TYPE = YES_ERROR;
				GCC_WARN_UNDECLARED_SELECTOR = YES;
				GCC_WARN_UNINITIALIZED_AUTOS = YES_AGGRESSIVE;
				GCC_WARN_UNUSED_FUNCTION = YES;
				GCC_WARN_UNUSED_VARIABLE = YES;
				MACOSX_DEPLOYMENT_TARGET = 10.11;
				MTL_ENABLE_DEBUG_INFO = NO;
				SDKROOT = macosx;
			};
			name = Release;
		};
		932C0D0A1D2B924600A94108 /* Debug */ = {
			isa = XCBuildConfiguration;
			buildSettings = {
				PRODUCT_NAME = "$(TARGET_NAME)";
			};
			name = Debug;
		};
		932C0D0B1D2B924600A94108 /* Release */ = {
			isa = XCBuildConfiguration;
			buildSettings = {
				PRODUCT_NAME = "$(TARGET_NAME)";
			};
			name = Release;
		};
/* End XCBuildConfiguration section */

/* Begin XCConfigurationList section */
		932C0CFD1D2B924600A94108 /* Build configuration list for PBXProject "MIPS-Simulator" */ = {
			isa = XCConfigurationList;
			buildConfigurations = (
				932C0D071D2B924600A94108 /* Debug */,
				932C0D081D2B924600A94108 /* Release */,
			);
			defaultConfigurationIsVisible = 0;
			defaultConfigurationName = Release;
		};
		932C0D091D2B924600A94108 /* Build configuration list for PBXNativeTarget "MIPS-Simulator" */ = {
			isa = XCConfigurationList;
			buildConfigurations = (
				932C0D0A1D2B924600A94108 /* Debug */,
				932C0D0B1D2B924600A94108 /* Release */,
			);
			defaultConfigurationIsVisible = 0;
			defaultConfigurationName = Release;
		};
/* End XCConfigurationList section */
	};
	rootObject = 932C0CFA1D2B924600A94108 /* Project object */;
}
